// !$*UTF8*$!
{
	archiveVersion = 1;
	classes = {
	};
	objectVersion = 48;
	objects = {

/* Begin PBXBuildFile section */
		623C355A1FD82DA500D15CD6 /* AVFoundation.framework in Frameworks */ = {isa = PBXBuildFile; fileRef = 623C35591FD82DA500D15CD6 /* AVFoundation.framework */; };
		623C355C1FD8EC3B00D15CD6 /* Foundation.framework in Frameworks */ = {isa = PBXBuildFile; fileRef = 623C355B1FD8EC3B00D15CD6 /* Foundation.framework */; };
		623C355D1FD8EC4800D15CD6 /* Foundation.framework in Sources */ = {isa = PBXBuildFile; fileRef = 623C355B1FD8EC3B00D15CD6 /* Foundation.framework */; };
		623C355E1FD8EC4800D15CD6 /* AVFoundation.framework in Sources */ = {isa = PBXBuildFile; fileRef = 623C35591FD82DA500D15CD6 /* AVFoundation.framework */; };
		623C35601FD9072D00D15CD6 /* CoreMotion.framework in Frameworks */ = {isa = PBXBuildFile; fileRef = 623C355F1FD9072D00D15CD6 /* CoreMotion.framework */; };
		623C35611FD9073300D15CD6 /* CoreMotion.framework in Sources */ = {isa = PBXBuildFile; fileRef = 623C355F1FD9072D00D15CD6 /* CoreMotion.framework */; };
		623C35641FD943E100D15CD6 /* ExitButton.m in Sources */ = {isa = PBXBuildFile; fileRef = 623C35631FD943E100D15CD6 /* ExitButton.m */; };
		623C35671FD949E100D15CD6 /* CameraController.m in Sources */ = {isa = PBXBuildFile; fileRef = 623C35661FD949E100D15CD6 /* CameraController.m */; };
		62A240EF1FD2F99300A586B4 /* AppDelegate.m in Sources */ = {isa = PBXBuildFile; fileRef = 62A240EE1FD2F99300A586B4 /* AppDelegate.m */; };
		62A240F21FD2F99300A586B4 /* ViewController.m in Sources */ = {isa = PBXBuildFile; fileRef = 62A240F11FD2F99300A586B4 /* ViewController.m */; };
		62A240F51FD2F99300A586B4 /* Main.storyboard in Resources */ = {isa = PBXBuildFile; fileRef = 62A240F31FD2F99300A586B4 /* Main.storyboard */; };
		62A240F71FD2F99300A586B4 /* Assets.xcassets in Resources */ = {isa = PBXBuildFile; fileRef = 62A240F61FD2F99300A586B4 /* Assets.xcassets */; };
		62A240FA1FD2F99300A586B4 /* LaunchScreen.storyboard in Resources */ = {isa = PBXBuildFile; fileRef = 62A240F81FD2F99300A586B4 /* LaunchScreen.storyboard */; };
		62A240FD1FD2F99300A586B4 /* main.m in Sources */ = {isa = PBXBuildFile; fileRef = 62A240FC1FD2F99300A586B4 /* main.m */; };
		62A241071FD2F99400A586B4 /* AccelerometerTests.m in Sources */ = {isa = PBXBuildFile; fileRef = 62A241061FD2F99400A586B4 /* AccelerometerTests.m */; };
		62A241121FD2F99400A586B4 /* AccelerometerUITests.m in Sources */ = {isa = PBXBuildFile; fileRef = 62A241111FD2F99400A586B4 /* AccelerometerUITests.m */; };
/* End PBXBuildFile section */

/* Begin PBXContainerItemProxy section */
		62A241031FD2F99400A586B4 /* PBXContainerItemProxy */ = {
			isa = PBXContainerItemProxy;
			containerPortal = 62A240E21FD2F99300A586B4 /* Project object */;
			proxyType = 1;
			remoteGlobalIDString = 62A240E91FD2F99300A586B4;
			remoteInfo = Accelerometer;
		};
		62A2410E1FD2F99400A586B4 /* PBXContainerItemProxy */ = {
			isa = PBXContainerItemProxy;
			containerPortal = 62A240E21FD2F99300A586B4 /* Project object */;
			proxyType = 1;
			remoteGlobalIDString = 62A240E91FD2F99300A586B4;
			remoteInfo = Accelerometer;
		};
/* End PBXContainerItemProxy section */

/* Begin PBXFileReference section */
		623C35591FD82DA500D15CD6 /* AVFoundation.framework */ = {isa = PBXFileReference; lastKnownFileType = wrapper.framework; name = AVFoundation.framework; path = System/Library/Frameworks/AVFoundation.framework; sourceTree = SDKROOT; };
		623C355B1FD8EC3B00D15CD6 /* Foundation.framework */ = {isa = PBXFileReference; lastKnownFileType = wrapper.framework; name = Foundation.framework; path = System/Library/Frameworks/Foundation.framework; sourceTree = SDKROOT; };
		623C355F1FD9072D00D15CD6 /* CoreMotion.framework */ = {isa = PBXFileReference; lastKnownFileType = wrapper.framework; name = CoreMotion.framework; path = System/Library/Frameworks/CoreMotion.framework; sourceTree = SDKROOT; };
		623C35621FD943E100D15CD6 /* ExitButton.h */ = {isa = PBXFileReference; lastKnownFileType = sourcecode.c.h; path = ExitButton.h; sourceTree = "<group>"; };
		623C35631FD943E100D15CD6 /* ExitButton.m */ = {isa = PBXFileReference; lastKnownFileType = sourcecode.c.objc; path = ExitButton.m; sourceTree = "<group>"; };
		623C35651FD949E100D15CD6 /* CameraController.h */ = {isa = PBXFileReference; lastKnownFileType = sourcecode.c.h; path = CameraController.h; sourceTree = "<group>"; };
		623C35661FD949E100D15CD6 /* CameraController.m */ = {isa = PBXFileReference; lastKnownFileType = sourcecode.c.objc; path = CameraController.m; sourceTree = "<group>"; };
		62A240EA1FD2F99300A586B4 /* Accelerometer.app */ = {isa = PBXFileReference; explicitFileType = wrapper.application; includeInIndex = 0; path = Accelerometer.app; sourceTree = BUILT_PRODUCTS_DIR; };
		62A240ED1FD2F99300A586B4 /* AppDelegate.h */ = {isa = PBXFileReference; lastKnownFileType = sourcecode.c.h; path = AppDelegate.h; sourceTree = "<group>"; };
		62A240EE1FD2F99300A586B4 /* AppDelegate.m */ = {isa = PBXFileReference; lastKnownFileType = sourcecode.c.objc; path = AppDelegate.m; sourceTree = "<group>"; };
		62A240F01FD2F99300A586B4 /* ViewController.h */ = {isa = PBXFileReference; lastKnownFileType = sourcecode.c.h; path = ViewController.h; sourceTree = "<group>"; };
		62A240F11FD2F99300A586B4 /* ViewController.m */ = {isa = PBXFileReference; lastKnownFileType = sourcecode.c.objc; path = ViewController.m; sourceTree = "<group>"; };
		62A240F41FD2F99300A586B4 /* Base */ = {isa = PBXFileReference; lastKnownFileType = file.storyboard; name = Base; path = Base.lproj/Main.storyboard; sourceTree = "<group>"; };
		62A240F61FD2F99300A586B4 /* Assets.xcassets */ = {isa = PBXFileReference; lastKnownFileType = folder.assetcatalog; path = Assets.xcassets; sourceTree = "<group>"; };
		62A240F91FD2F99300A586B4 /* Base */ = {isa = PBXFileReference; lastKnownFileType = file.storyboard; name = Base; path = Base.lproj/LaunchScreen.storyboard; sourceTree = "<group>"; };
		62A240FB1FD2F99300A586B4 /* Info.plist */ = {isa = PBXFileReference; lastKnownFileType = text.plist.xml; path = Info.plist; sourceTree = "<group>"; };
		62A240FC1FD2F99300A586B4 /* main.m */ = {isa = PBXFileReference; lastKnownFileType = sourcecode.c.objc; path = main.m; sourceTree = "<group>"; };
		62A241021FD2F99400A586B4 /* AccelerometerTests.xctest */ = {isa = PBXFileReference; explicitFileType = wrapper.cfbundle; includeInIndex = 0; path = AccelerometerTests.xctest; sourceTree = BUILT_PRODUCTS_DIR; };
		62A241061FD2F99400A586B4 /* AccelerometerTests.m */ = {isa = PBXFileReference; lastKnownFileType = sourcecode.c.objc; path = AccelerometerTests.m; sourceTree = "<group>"; };
		62A241081FD2F99400A586B4 /* Info.plist */ = {isa = PBXFileReference; lastKnownFileType = text.plist.xml; path = Info.plist; sourceTree = "<group>"; };
		62A2410D1FD2F99400A586B4 /* AccelerometerUITests.xctest */ = {isa = PBXFileReference; explicitFileType = wrapper.cfbundle; includeInIndex = 0; path = AccelerometerUITests.xctest; sourceTree = BUILT_PRODUCTS_DIR; };
		62A241111FD2F99400A586B4 /* AccelerometerUITests.m */ = {isa = PBXFileReference; lastKnownFileType = sourcecode.c.objc; path = AccelerometerUITests.m; sourceTree = "<group>"; };
		62A241131FD2F99400A586B4 /* Info.plist */ = {isa = PBXFileReference; lastKnownFileType = text.plist.xml; path = Info.plist; sourceTree = "<group>"; };
/* End PBXFileReference section */

/* Begin PBXFrameworksBuildPhase section */
		62A240E71FD2F99300A586B4 /* Frameworks */ = {
			isa = PBXFrameworksBuildPhase;
			buildActionMask = 2147483647;
			files = (
				623C35601FD9072D00D15CD6 /* CoreMotion.framework in Frameworks */,
				623C355C1FD8EC3B00D15CD6 /* Foundation.framework in Frameworks */,
				623C355A1FD82DA500D15CD6 /* AVFoundation.framework in Frameworks */,
			);
			runOnlyForDeploymentPostprocessing = 0;
		};
		62A240FF1FD2F99400A586B4 /* Frameworks */ = {
			isa = PBXFrameworksBuildPhase;
			buildActionMask = 2147483647;
			files = (
			);
			runOnlyForDeploymentPostprocessing = 0;
		};
		62A2410A1FD2F99400A586B4 /* Frameworks */ = {
			isa = PBXFrameworksBuildPhase;
			buildActionMask = 2147483647;
			files = (
			);
			runOnlyForDeploymentPostprocessing = 0;
		};
/* End PBXFrameworksBuildPhase section */

/* Begin PBXGroup section */
		623C35581FD82DA400D15CD6 /* Frameworks */ = {
			isa = PBXGroup;
			children = (
				623C355F1FD9072D00D15CD6 /* CoreMotion.framework */,
				623C355B1FD8EC3B00D15CD6 /* Foundation.framework */,
				623C35591FD82DA500D15CD6 /* AVFoundation.framework */,
			);
			name = Frameworks;
			sourceTree = "<group>";
		};
		62A240E11FD2F99300A586B4 = {
			isa = PBXGroup;
			children = (
				62A240EC1FD2F99300A586B4 /* Accelerometer */,
				62A241051FD2F99400A586B4 /* AccelerometerTests */,
				62A241101FD2F99400A586B4 /* AccelerometerUITests */,
				62A240EB1FD2F99300A586B4 /* Products */,
				623C35581FD82DA400D15CD6 /* Frameworks */,
			);
			sourceTree = "<group>";
		};
		62A240EB1FD2F99300A586B4 /* Products */ = {
			isa = PBXGroup;
			children = (
				62A240EA1FD2F99300A586B4 /* Accelerometer.app */,
				62A241021FD2F99400A586B4 /* AccelerometerTests.xctest */,
				62A2410D1FD2F99400A586B4 /* AccelerometerUITests.xctest */,
			);
			name = Products;
			sourceTree = "<group>";
		};
		62A240EC1FD2F99300A586B4 /* Accelerometer */ = {
			isa = PBXGroup;
			children = (
				62A240ED1FD2F99300A586B4 /* AppDelegate.h */,
				62A240EE1FD2F99300A586B4 /* AppDelegate.m */,
				62A240F01FD2F99300A586B4 /* ViewController.h */,
				62A240F11FD2F99300A586B4 /* ViewController.m */,
				62A240F31FD2F99300A586B4 /* Main.storyboard */,
				62A240F61FD2F99300A586B4 /* Assets.xcassets */,
				62A240F81FD2F99300A586B4 /* LaunchScreen.storyboard */,
				62A240FB1FD2F99300A586B4 /* Info.plist */,
				62A240FC1FD2F99300A586B4 /* main.m */,
				623C35621FD943E100D15CD6 /* ExitButton.h */,
				623C35631FD943E100D15CD6 /* ExitButton.m */,
				623C35651FD949E100D15CD6 /* CameraController.h */,
				623C35661FD949E100D15CD6 /* CameraController.m */,
			);
			path = Accelerometer;
			sourceTree = "<group>";
		};
		62A241051FD2F99400A586B4 /* AccelerometerTests */ = {
			isa = PBXGroup;
			children = (
				62A241061FD2F99400A586B4 /* AccelerometerTests.m */,
				62A241081FD2F99400A586B4 /* Info.plist */,
			);
			path = AccelerometerTests;
			sourceTree = "<group>";
		};
		62A241101FD2F99400A586B4 /* AccelerometerUITests */ = {
			isa = PBXGroup;
			children = (
				62A241111FD2F99400A586B4 /* AccelerometerUITests.m */,
				62A241131FD2F99400A586B4 /* Info.plist */,
			);
			path = AccelerometerUITests;
			sourceTree = "<group>";
		};
/* End PBXGroup section */

/* Begin PBXNativeTarget section */
		62A240E91FD2F99300A586B4 /* Accelerometer */ = {
			isa = PBXNativeTarget;
			buildConfigurationList = 62A241161FD2F99400A586B4 /* Build configuration list for PBXNativeTarget "Accelerometer" */;
			buildPhases = (
				62A240E61FD2F99300A586B4 /* Sources */,
				62A240E71FD2F99300A586B4 /* Frameworks */,
				62A240E81FD2F99300A586B4 /* Resources */,
			);
			buildRules = (
			);
			dependencies = (
			);
			name = Accelerometer;
			productName = Accelerometer;
			productReference = 62A240EA1FD2F99300A586B4 /* Accelerometer.app */;
			productType = "com.apple.product-type.application";
		};
		62A241011FD2F99400A586B4 /* AccelerometerTests */ = {
			isa = PBXNativeTarget;
			buildConfigurationList = 62A241191FD2F99400A586B4 /* Build configuration list for PBXNativeTarget "AccelerometerTests" */;
			buildPhases = (
				62A240FE1FD2F99400A586B4 /* Sources */,
				62A240FF1FD2F99400A586B4 /* Frameworks */,
				62A241001FD2F99400A586B4 /* Resources */,
			);
			buildRules = (
			);
			dependencies = (
				62A241041FD2F99400A586B4 /* PBXTargetDependency */,
			);
			name = AccelerometerTests;
			productName = AccelerometerTests;
			productReference = 62A241021FD2F99400A586B4 /* AccelerometerTests.xctest */;
			productType = "com.apple.product-type.bundle.unit-test";
		};
		62A2410C1FD2F99400A586B4 /* AccelerometerUITests */ = {
			isa = PBXNativeTarget;
			buildConfigurationList = 62A2411C1FD2F99400A586B4 /* Build configuration list for PBXNativeTarget "AccelerometerUITests" */;
			buildPhases = (
				62A241091FD2F99400A586B4 /* Sources */,
				62A2410A1FD2F99400A586B4 /* Frameworks */,
				62A2410B1FD2F99400A586B4 /* Resources */,
			);
			buildRules = (
			);
			dependencies = (
				62A2410F1FD2F99400A586B4 /* PBXTargetDependency */,
			);
			name = AccelerometerUITests;
			productName = AccelerometerUITests;
			productReference = 62A2410D1FD2F99400A586B4 /* AccelerometerUITests.xctest */;
			productType = "com.apple.product-type.bundle.ui-testing";
		};
/* End PBXNativeTarget section */

/* Begin PBXProject section */
		62A240E21FD2F99300A586B4 /* Project object */ = {
			isa = PBXProject;
			attributes = {
				LastUpgradeCheck = 0900;
				ORGANIZATIONNAME = "Greedy Jaw";
				TargetAttributes = {
					62A240E91FD2F99300A586B4 = {
						CreatedOnToolsVersion = 9.0;
						ProvisioningStyle = Automatic;
					};
					62A241011FD2F99400A586B4 = {
						CreatedOnToolsVersion = 9.0;
						ProvisioningStyle = Automatic;
						TestTargetID = 62A240E91FD2F99300A586B4;
					};
					62A2410C1FD2F99400A586B4 = {
						CreatedOnToolsVersion = 9.0;
						ProvisioningStyle = Automatic;
						TestTargetID = 62A240E91FD2F99300A586B4;
					};
				};
			};
			buildConfigurationList = 62A240E51FD2F99300A586B4 /* Build configuration list for PBXProject "Accelerometer" */;
			compatibilityVersion = "Xcode 8.0";
			developmentRegion = en;
			hasScannedForEncodings = 0;
			knownRegions = (
				en,
				Base,
			);
			mainGroup = 62A240E11FD2F99300A586B4;
			productRefGroup = 62A240EB1FD2F99300A586B4 /* Products */;
			projectDirPath = "";
			projectRoot = "";
			targets = (
				62A240E91FD2F99300A586B4 /* Accelerometer */,
				62A241011FD2F99400A586B4 /* AccelerometerTests */,
				62A2410C1FD2F99400A586B4 /* AccelerometerUITests */,
			);
		};
/* End PBXProject section */

/* Begin PBXResourcesBuildPhase section */
		62A240E81FD2F99300A586B4 /* Resources */ = {
			isa = PBXResourcesBuildPhase;
			buildActionMask = 2147483647;
			files = (
				62A240FA1FD2F99300A586B4 /* LaunchScreen.storyboard in Resources */,
				62A240F71FD2F99300A586B4 /* Assets.xcassets in Resources */,
				62A240F51FD2F99300A586B4 /* Main.storyboard in Resources */,
			);
			runOnlyForDeploymentPostprocessing = 0;
		};
		62A241001FD2F99400A586B4 /* Resources */ = {
			isa = PBXResourcesBuildPhase;
			buildActionMask = 2147483647;
			files = (
			);
			runOnlyForDeploymentPostprocessing = 0;
		};
		62A2410B1FD2F99400A586B4 /* Resources */ = {
			isa = PBXResourcesBuildPhase;
			buildActionMask = 2147483647;
			files = (
			);
			runOnlyForDeploymentPostprocessing = 0;
		};
/* End PBXResourcesBuildPhase section */

/* Begin PBXSourcesBuildPhase section */
		62A240E61FD2F99300A586B4 /* Sources */ = {
			isa = PBXSourcesBuildPhase;
			buildActionMask = 2147483647;
			files = (
				623C35641FD943E100D15CD6 /* ExitButton.m in Sources */,
				623C35611FD9073300D15CD6 /* CoreMotion.framework in Sources */,
				623C35671FD949E100D15CD6 /* CameraController.m in Sources */,
				623C355D1FD8EC4800D15CD6 /* Foundation.framework in Sources */,
				623C355E1FD8EC4800D15CD6 /* AVFoundation.framework in Sources */,
				62A240F21FD2F99300A586B4 /* ViewController.m in Sources */,
				62A240FD1FD2F99300A586B4 /* main.m in Sources */,
				62A240EF1FD2F99300A586B4 /* AppDelegate.m in Sources */,
			);
			runOnlyForDeploymentPostprocessing = 0;
		};
		62A240FE1FD2F99400A586B4 /* Sources */ = {
			isa = PBXSourcesBuildPhase;
			buildActionMask = 2147483647;
			files = (
				62A241071FD2F99400A586B4 /* AccelerometerTests.m in Sources */,
			);
			runOnlyForDeploymentPostprocessing = 0;
		};
		62A241091FD2F99400A586B4 /* Sources */ = {
			isa = PBXSourcesBuildPhase;
			buildActionMask = 2147483647;
			files = (
				62A241121FD2F99400A586B4 /* AccelerometerUITests.m in Sources */,
			);
			runOnlyForDeploymentPostprocessing = 0;
		};
/* End PBXSourcesBuildPhase section */

/* Begin PBXTargetDependency section */
		62A241041FD2F99400A586B4 /* PBXTargetDependency */ = {
			isa = PBXTargetDependency;
			target = 62A240E91FD2F99300A586B4 /* Accelerometer */;
			targetProxy = 62A241031FD2F99400A586B4 /* PBXContainerItemProxy */;
		};
		62A2410F1FD2F99400A586B4 /* PBXTargetDependency */ = {
			isa = PBXTargetDependency;
			target = 62A240E91FD2F99300A586B4 /* Accelerometer */;
			targetProxy = 62A2410E1FD2F99400A586B4 /* PBXContainerItemProxy */;
		};
/* End PBXTargetDependency section */

/* Begin PBXVariantGroup section */
		62A240F31FD2F99300A586B4 /* Main.storyboard */ = {
			isa = PBXVariantGroup;
			children = (
				62A240F41FD2F99300A586B4 /* Base */,
			);
			name = Main.storyboard;
			sourceTree = "<group>";
		};
		62A240F81FD2F99300A586B4 /* LaunchScreen.storyboard */ = {
			isa = PBXVariantGroup;
			children = (
				62A240F91FD2F99300A586B4 /* Base */,
			);
			name = LaunchScreen.storyboard;
			sourceTree = "<group>";
		};
/* End PBXVariantGroup section */

/* Begin XCBuildConfiguration section */
		62A241141FD2F99400A586B4 /* Debug */ = {
			isa = XCBuildConfiguration;
			buildSettings = {
				ALWAYS_SEARCH_USER_PATHS = NO;
				CLANG_ANALYZER_NONNULL = YES;
				CLANG_ANALYZER_NUMBER_OBJECT_CONVERSION = YES_AGGRESSIVE;
				CLANG_CXX_LANGUAGE_STANDARD = "gnu++14";
				CLANG_CXX_LIBRARY = "libc++";
				CLANG_ENABLE_MODULES = YES;
				CLANG_ENABLE_OBJC_ARC = YES;
				CLANG_WARN_BLOCK_CAPTURE_AUTORELEASING = YES;
				CLANG_WARN_BOOL_CONVERSION = YES;
				CLANG_WARN_COMMA = YES;
				CLANG_WARN_CONSTANT_CONVERSION = YES;
				CLANG_WARN_DIRECT_OBJC_ISA_USAGE = YES_ERROR;
				CLANG_WARN_DOCUMENTATION_COMMENTS = YES;
				CLANG_WARN_EMPTY_BODY = YES;
				CLANG_WARN_ENUM_CONVERSION = YES;
				CLANG_WARN_INFINITE_RECURSION = YES;
				CLANG_WARN_INT_CONVERSION = YES;
				CLANG_WARN_NON_LITERAL_NULL_CONVERSION = YES;
				CLANG_WARN_OBJC_LITERAL_CONVERSION = YES;
				CLANG_WARN_OBJC_ROOT_CLASS = YES_ERROR;
				CLANG_WARN_RANGE_LOOP_ANALYSIS = YES;
				CLANG_WARN_STRICT_PROTOTYPES = YES;
				CLANG_WARN_SUSPICIOUS_MOVE = YES;
				CLANG_WARN_UNGUARDED_AVAILABILITY = YES_AGGRESSIVE;
				CLANG_WARN_UNREACHABLE_CODE = YES;
				CLANG_WARN__DUPLICATE_METHOD_MATCH = YES;
				CODE_SIGN_IDENTITY = "iPhone Developer";
				COPY_PHASE_STRIP = NO;
				DEBUG_INFORMATION_FORMAT = dwarf;
				ENABLE_STRICT_OBJC_MSGSEND = YES;
				ENABLE_TESTABILITY = YES;
				GCC_C_LANGUAGE_STANDARD = gnu11;
				GCC_DYNAMIC_NO_PIC = NO;
				GCC_NO_COMMON_BLOCKS = YES;
				GCC_OPTIMIZATION_LEVEL = 0;
				GCC_PREPROCESSOR_DEFINITIONS = (
					"DEBUG=1",
					"$(inherited)",
				);
				GCC_WARN_64_TO_32_BIT_CONVERSION = YES;
				GCC_WARN_ABOUT_RETURN_TYPE = YES_ERROR;
				GCC_WARN_UNDECLARED_SELECTOR = YES;
				GCC_WARN_UNINITIALIZED_AUTOS = YES_AGGRESSIVE;
				GCC_WARN_UNUSED_FUNCTION = YES;
				GCC_WARN_UNUSED_VARIABLE = YES;
				IPHONEOS_DEPLOYMENT_TARGET = 11.0;
				MTL_ENABLE_DEBUG_INFO = YES;
				ONLY_ACTIVE_ARCH = YES;
				SDKROOT = iphoneos;
			};
			name = Debug;
		};
		62A241151FD2F99400A586B4 /* Release */ = {
			isa = XCBuildConfiguration;
			buildSettings = {
				ALWAYS_SEARCH_USER_PATHS = NO;
				CLANG_ANALYZER_NONNULL = YES;
				CLANG_ANALYZER_NUMBER_OBJECT_CONVERSION = YES_AGGRESSIVE;
				CLANG_CXX_LANGUAGE_STANDARD = "gnu++14";
				CLANG_CXX_LIBRARY = "libc++";
				CLANG_ENABLE_MODULES = YES;
				CLANG_ENABLE_OBJC_ARC = YES;
				CLANG_WARN_BLOCK_CAPTURE_AUTORELEASING = YES;
				CLANG_WARN_BOOL_CONVERSION = YES;
				CLANG_WARN_COMMA = YES;
				CLANG_WARN_CONSTANT_CONVERSION = YES;
				CLANG_WARN_DIRECT_OBJC_ISA_USAGE = YES_ERROR;
				CLANG_WARN_DOCUMENTATION_COMMENTS = YES;
				CLANG_WARN_EMPTY_BODY = YES;
				CLANG_WARN_ENUM_CONVERSION = YES;
				CLANG_WARN_INFINITE_RECURSION = YES;
				CLANG_WARN_INT_CONVERSION = YES;
				CLANG_WARN_NON_LITERAL_NULL_CONVERSION = YES;
				CLANG_WARN_OBJC_LITERAL_CONVERSION = YES;
				CLANG_WARN_OBJC_ROOT_CLASS = YES_ERROR;
				CLANG_WARN_RANGE_LOOP_ANALYSIS = YES;
				CLANG_WARN_STRICT_PROTOTYPES = YES;
				CLANG_WARN_SUSPICIOUS_MOVE = YES;
				CLANG_WARN_UNGUARDED_AVAILABILITY = YES_AGGRESSIVE;
				CLANG_WARN_UNREACHABLE_CODE = YES;
				CLANG_WARN__DUPLICATE_METHOD_MATCH = YES;
				CODE_SIGN_IDENTITY = "iPhone Developer";
				COPY_PHASE_STRIP = NO;
				DEBUG_INFORMATION_FORMAT = "dwarf-with-dsym";
				ENABLE_NS_ASSERTIONS = NO;
				ENABLE_STRICT_OBJC_MSGSEND = YES;
				GCC_C_LANGUAGE_STANDARD = gnu11;
				GCC_NO_COMMON_BLOCKS = YES;
				GCC_WARN_64_TO_32_BIT_CONVERSION = YES;
				GCC_WARN_ABOUT_RETURN_TYPE = YES_ERROR;
				GCC_WARN_UNDECLARED_SELECTOR = YES;
				GCC_WARN_UNINITIALIZED_AUTOS = YES_AGGRESSIVE;
				GCC_WARN_UNUSED_FUNCTION = YES;
				GCC_WARN_UNUSED_VARIABLE = YES;
				IPHONEOS_DEPLOYMENT_TARGET = 11.0;
				MTL_ENABLE_DEBUG_INFO = NO;
				SDKROOT = iphoneos;
				VALIDATE_PRODUCT = YES;
			};
			name = Release;
		};
		62A241171FD2F99400A586B4 /* Debug */ = {
			isa = XCBuildConfiguration;
			buildSettings = {
				ASSETCATALOG_COMPILER_APPICON_NAME = AppIcon;
				CODE_SIGN_STYLE = Automatic;
				DEVELOPMENT_TEAM = CUZWG5ZMQL;
				INFOPLIST_FILE = Accelerometer/Info.plist;
				IPHONEOS_DEPLOYMENT_TARGET = 10.0;
				LD_RUNPATH_SEARCH_PATHS = "$(inherited) @executable_path/Frameworks";
				PRODUCT_BUNDLE_IDENTIFIER = greedydev.Accelerometer;
				PRODUCT_NAME = "$(TARGET_NAME)";
				TARGETED_DEVICE_FAMILY = "1,2";
			};
			name = Debug;
		};
		62A241181FD2F99400A586B4 /* Release */ = {
			isa = XCBuildConfiguration;
			buildSettings = {
				ASSETCATALOG_COMPILER_APPICON_NAME = AppIcon;
				CODE_SIGN_STYLE = Automatic;
				DEVELOPMENT_TEAM = CUZWG5ZMQL;
				INFOPLIST_FILE = Accelerometer/Info.plist;
				IPHONEOS_DEPLOYMENT_TARGET = 10.0;
				LD_RUNPATH_SEARCH_PATHS = "$(inherited) @executable_path/Frameworks";
				PRODUCT_BUNDLE_IDENTIFIER = greedydev.Accelerometer;
				PRODUCT_NAME = "$(TARGET_NAME)";
				TARGETED_DEVICE_FAMILY = "1,2";
			};
			name = Release;
		};
		62A2411A1FD2F99400A586B4 /* Debug */ = {
			isa = XCBuildConfiguration;
			buildSettings = {
				BUNDLE_LOADER = "$(TEST_HOST)";
				CODE_SIGN_STYLE = Automatic;
				INFOPLIST_FILE = AccelerometerTests/Info.plist;
				LD_RUNPATH_SEARCH_PATHS = "$(inherited) @executable_path/Frameworks @loader_path/Frameworks";
				PRODUCT_BUNDLE_IDENTIFIER = greedydev.AccelerometerTests;
				PRODUCT_NAME = "$(TARGET_NAME)";
				TARGETED_DEVICE_FAMILY = "1,2";
				TEST_HOST = "$(BUILT_PRODUCTS_DIR)/Accelerometer.app/Accelerometer";
			};
			name = Debug;
		};
		62A2411B1FD2F99400A586B4 /* Release */ = {
			isa = XCBuildConfiguration;
			buildSettings = {
				BUNDLE_LOADER = "$(TEST_HOST)";
				CODE_SIGN_STYLE = Automatic;
				INFOPLIST_FILE = AccelerometerTests/Info.plist;
				LD_RUNPATH_SEARCH_PATHS = "$(inherited) @executable_path/Frameworks @loader_path/Frameworks";
				PRODUCT_BUNDLE_IDENTIFIER = greedydev.AccelerometerTests;
				PRODUCT_NAME = "$(TARGET_NAME)";
				TARGETED_DEVICE_FAMILY = "1,2";
				TEST_HOST = "$(BUILT_PRODUCTS_DIR)/Accelerometer.app/Accelerometer";
			};
			name = Release;
		};
		62A2411D1FD2F99400A586B4 /* Debug */ = {
			isa = XCBuildConfiguration;
			buildSettings = {
				CODE_SIGN_STYLE = Automatic;
				INFOPLIST_FILE = AccelerometerUITests/Info.plist;
				LD_RUNPATH_SEARCH_PATHS = "$(inherited) @executable_path/Frameworks @loader_path/Frameworks";
				PRODUCT_BUNDLE_IDENTIFIER = greedydev.AccelerometerUITests;
				PRODUCT_NAME = "$(TARGET_NAME)";
				TARGETED_DEVICE_FAMILY = "1,2";
				TEST_TARGET_NAME = Accelerometer;
			};
			name = Debug;
		};
		62A2411E1FD2F99400A586B4 /* Release */ = {
			isa = XCBuildConfiguration;
			buildSettings = {
				CODE_SIGN_STYLE = Automatic;
				INFOPLIST_FILE = AccelerometerUITests/Info.plist;
				LD_RUNPATH_SEARCH_PATHS = "$(inherited) @executable_path/Frameworks @loader_path/Frameworks";
				PRODUCT_BUNDLE_IDENTIFIER = greedydev.AccelerometerUITests;
				PRODUCT_NAME = "$(TARGET_NAME)";
				TARGETED_DEVICE_FAMILY = "1,2";
				TEST_TARGET_NAME = Accelerometer;
			};
			name = Release;
		};
/* End XCBuildConfiguration section */

/* Begin XCConfigurationList section */
		62A240E51FD2F99300A586B4 /* Build configuration list for PBXProject "Accelerometer" */ = {
			isa = XCConfigurationList;
			buildConfigurations = (
				62A241141FD2F99400A586B4 /* Debug */,
				62A241151FD2F99400A586B4 /* Release */,
			);
			defaultConfigurationIsVisible = 0;
			defaultConfigurationName = Release;
		};
		62A241161FD2F99400A586B4 /* Build configuration list for PBXNativeTarget "Accelerometer" */ = {
			isa = XCConfigurationList;
			buildConfigurations = (
				62A241171FD2F99400A586B4 /* Debug */,
				62A241181FD2F99400A586B4 /* Release */,
			);
			defaultConfigurationIsVisible = 0;
			defaultConfigurationName = Release;
		};
		62A241191FD2F99400A586B4 /* Build configuration list for PBXNativeTarget "AccelerometerTests" */ = {
			isa = XCConfigurationList;
			buildConfigurations = (
				62A2411A1FD2F99400A586B4 /* Debug */,
				62A2411B1FD2F99400A586B4 /* Release */,
			);
			defaultConfigurationIsVisible = 0;
			defaultConfigurationName = Release;
		};
		62A2411C1FD2F99400A586B4 /* Build configuration list for PBXNativeTarget "AccelerometerUITests" */ = {
			isa = XCConfigurationList;
			buildConfigurations = (
				62A2411D1FD2F99400A586B4 /* Debug */,
				62A2411E1FD2F99400A586B4 /* Release */,
			);
			defaultConfigurationIsVisible = 0;
			defaultConfigurationName = Release;
		};
/* End XCConfigurationList section */
	};
	rootObject = 62A240E21FD2F99300A586B4 /* Project object */;
}
